
Microsoft Visual Studio Solution File, Format Version 12.00
# Visual Studio 15
VisualStudioVersion = 15.0.27703.2000
MinimumVisualStudioVersion = 10.0.40219.1
Project("{9A19103F-16F7-4668-BE54-9A1E7A4F7556}") = "Axion.Core", "Axion.Core\Axion.Core.csproj", "{C2E01476-B639-4848-8E8A-02B99CC7FCAF}"
EndProject
Project("{9A19103F-16F7-4668-BE54-9A1E7A4F7556}") = "Axion.Testing", "Axion.Testing\Axion.Testing.csproj", "{2232E118-4E48-4396-8C72-2BF07B7DF742}"
EndProject
Project("{9A19103F-16F7-4668-BE54-9A1E7A4F7556}") = "ConsoleExtensions", "..\ConsoleExtensions\ConsoleExtensions\ConsoleExtensions.csproj", "{4E15AD4B-C291-4512-BAE6-0F10C4A0282A}"
EndProject
Project("{FAE04EC0-301F-11D3-BF4B-00C04F79EFBC}") = "Axion", "Axion\Axion.csproj", "{88A53BF9-97F9-4837-B382-E812EA88E5E9}"
EndProject
Global
	GlobalSection(SolutionConfigurationPlatforms) = preSolution
		Debug|Any CPU = Debug|Any CPU
		Release|Any CPU = Release|Any CPU
	EndGlobalSection
	GlobalSection(ProjectConfigurationPlatforms) = postSolution
		{C2E01476-B639-4848-8E8A-02B99CC7FCAF}.Debug|Any CPU.ActiveCfg = Debug|Any CPU
		{C2E01476-B639-4848-8E8A-02B99CC7FCAF}.Debug|Any CPU.Build.0 = Debug|Any CPU
		{C2E01476-B639-4848-8E8A-02B99CC7FCAF}.Release|Any CPU.ActiveCfg = Release|Any CPU
		{C2E01476-B639-4848-8E8A-02B99CC7FCAF}.Release|Any CPU.Build.0 = Release|Any CPU
		{2232E118-4E48-4396-8C72-2BF07B7DF742}.Debug|Any CPU.ActiveCfg = Debug|Any CPU
		{2232E118-4E48-4396-8C72-2BF07B7DF742}.Debug|Any CPU.Build.0 = Debug|Any CPU
		{2232E118-4E48-4396-8C72-2BF07B7DF742}.Release|Any CPU.ActiveCfg = Release|Any CPU
		{2232E118-4E48-4396-8C72-2BF07B7DF742}.Release|Any CPU.Build.0 = Release|Any CPU
		{4E15AD4B-C291-4512-BAE6-0F10C4A0282A}.Debug|Any CPU.ActiveCfg = Debug|Any CPU
		{4E15AD4B-C291-4512-BAE6-0F10C4A0282A}.Debug|Any CPU.Build.0 = Debug|Any CPU
		{4E15AD4B-C291-4512-BAE6-0F10C4A0282A}.Release|Any CPU.ActiveCfg = Release|Any CPU
		{4E15AD4B-C291-4512-BAE6-0F10C4A0282A}.Release|Any CPU.Build.0 = Release|Any CPU
		{88A53BF9-97F9-4837-B382-E812EA88E5E9}.Debug|Any CPU.ActiveCfg = Debug|Any CPU
		{88A53BF9-97F9-4837-B382-E812EA88E5E9}.Debug|Any CPU.Build.0 = Debug|Any CPU
		{88A53BF9-97F9-4837-B382-E812EA88E5E9}.Release|Any CPU.ActiveCfg = Release|Any CPU
		{88A53BF9-97F9-4837-B382-E812EA88E5E9}.Release|Any CPU.Build.0 = Release|Any CPU
	EndGlobalSection
	GlobalSection(SolutionProperties) = preSolution
		HideSolutionNode = FALSE
	EndGlobalSection
	GlobalSection(ExtensibilityGlobals) = postSolution
		SolutionGuid = {8EDC0481-C123-433E-A9B2-336B75114531}
	EndGlobalSection
	GlobalSection(Performance) = preSolution
		HasPerformanceSessions = true
	EndGlobalSection
	GlobalSection(Performance) = preSolution
		HasPerformanceSessions = true
	EndGlobalSection
EndGlobal
